
Microsoft Visual Studio Solution File, Format Version 12.00
# Visual Studio Version 17
VisualStudioVersion = 17.12.35521.163 d17.12
MinimumVisualStudioVersion = 10.0.40219.1
Project("{D2ABAB84-BF74-430A-B69E-9DC6D40DDA17}") = "BQ1-1", "BQ1-1\BQ1-1.dwproj", "{DAA1EF87-A2D1-4336-9794-D8C8807F6DB2}"
EndProject
Global
	GlobalSection(SolutionConfigurationPlatforms) = preSolution
		Development|Default = Development|Default
	EndGlobalSection
	GlobalSection(ProjectConfigurationPlatforms) = postSolution
		{DAA1EF87-A2D1-4336-9794-D8C8807F6DB2}.Development|Default.ActiveCfg = Development
		{DAA1EF87-A2D1-4336-9794-D8C8807F6DB2}.Development|Default.Build.0 = Development
		{DAA1EF87-A2D1-4336-9794-D8C8807F6DB2}.Development|Default.Deploy.0 = Development
	EndGlobalSection
	GlobalSection(SolutionProperties) = preSolution
		HideSolutionNode = FALSE
	EndGlobalSection
EndGlobal
